
Microsoft Visual Studio Solution File, Format Version 12.00
# Visual Studio Version 17
VisualStudioVersion = 17.9.34622.214
MinimumVisualStudioVersion = 10.0.40219.1
Project("{FAE04EC0-301F-11D3-BF4B-00C04F79EFBC}") = "0ile100arasısayılar", "0ile100arasısayılar\0ile100arasısayılar.csproj", "{098798C1-9B07-49E5-8334-24F5AB3230F2}"
EndProject
Global
	GlobalSection(SolutionConfigurationPlatforms) = preSolution
		Debug|Any CPU = Debug|Any CPU
		Release|Any CPU = Release|Any CPU
	EndGlobalSection
	GlobalSection(ProjectConfigurationPlatforms) = postSolution
		{098798C1-9B07-49E5-8334-24F5AB3230F2}.Debug|Any CPU.ActiveCfg = Debug|Any CPU
		{098798C1-9B07-49E5-8334-24F5AB3230F2}.Debug|Any CPU.Build.0 = Debug|Any CPU
		{098798C1-9B07-49E5-8334-24F5AB3230F2}.Release|Any CPU.ActiveCfg = Release|Any CPU
		{098798C1-9B07-49E5-8334-24F5AB3230F2}.Release|Any CPU.Build.0 = Release|Any CPU
	EndGlobalSection
	GlobalSection(SolutionProperties) = preSolution
		HideSolutionNode = FALSE
	EndGlobalSection
	GlobalSection(ExtensibilityGlobals) = postSolution
		SolutionGuid = {06825B45-8AE8-456A-BD2B-233CE0830615}
	EndGlobalSection
EndGlobal
